
Microsoft Visual Studio Solution File, Format Version 12.00
# Visual Studio Version 17
VisualStudioVersion = 17.0.32112.339
MinimumVisualStudioVersion = 10.0.40219.1
Project("{FAE04EC0-301F-11D3-BF4B-00C04F79EFBC}") = "Module", "Module.csproj", "{D4E66795-1388-471A-8A6D-8E2F34EDF23C}"
EndProject
Global
	GlobalSection(SolutionConfigurationPlatforms) = preSolution
		Debug|Any CPU = Debug|Any CPU
		Release|Any CPU = Release|Any CPU
	EndGlobalSection
	GlobalSection(ProjectConfigurationPlatforms) = postSolution
		{D4E66795-1388-471A-8A6D-8E2F34EDF23C}.Debug|Any CPU.ActiveCfg = Debug|Any CPU
		{D4E66795-1388-471A-8A6D-8E2F34EDF23C}.Debug|Any CPU.Build.0 = Debug|Any CPU
		{D4E66795-1388-471A-8A6D-8E2F34EDF23C}.Release|Any CPU.ActiveCfg = Release|Any CPU
		{D4E66795-1388-471A-8A6D-8E2F34EDF23C}.Release|Any CPU.Build.0 = Release|Any CPU
	EndGlobalSection
	GlobalSection(SolutionProperties) = preSolution
		HideSolutionNode = FALSE
	EndGlobalSection
	GlobalSection(ExtensibilityGlobals) = postSolution
		SolutionGuid = {C1AB3BB0-19A6-4405-B941-F8F905B2E40A}
	EndGlobalSection
EndGlobal
